<?xml version="1.0" encoding="utf-8"?>
<Project ToolsVersion="4.0" xmlns="http://schemas.microsoft.com/developer/msbuild/2003">
  <ItemGroup>
    <Filter Include="Source Files">
      <UniqueIdentifier>{4FC737F1-C7A5-4376-A066-2A32D752A2FF}</UniqueIdentifier>
      <Extensions>cpp;c;cc;cxx;c++;def;odl;idl;hpj;bat;asm;asmx</Extensions>
    </Filter>
    <Filter Include="Header Files">
      <UniqueIdentifier>{93995380-89BD-4b04-88EB-625FBE52EBFB}</UniqueIdentifier>
      <Extensions>h;hh;hpp;hxx;h++;hm;inl;inc;ipp;xsd</Extensions>
    </Filter>
    <Filter Include="Resource Files">
      <UniqueIdentifier>{67DA6AB6-F800-4c08-8B7A-83BB121AAD01}</UniqueIdentifier>
      <Extensions>rc;ico;cur;bmp;dlg;rc2;rct;bin;rgs;gif;jpg;jpeg;jpe;resx;tiff;tif;png;wav;mfcribbon-ms</Extensions>
    </Filter>
    <Filter Include="Source Files\.txt">
      <UniqueIdentifier>{1f9bffc8-e3b9-478f-b2cb-bee72bb60650}</UniqueIdentifier>
    </Filter>
  </ItemGroup>
  <ItemGroup>
    <ClCompile Include="main.cpp">
      <Filter>Source Files</Filter>
    </ClCompile>
    <ClCompile Include="funkcijos.cpp">
      <Filter>Source Files</Filter>
    </ClCompile>
    <ClCompile Include="NewGame.cpp">
      <Filter>Source Files</Filter>
    </ClCompile>
    <ClCompile Include="AboutMe.cpp">
      <Filter>Source Files</Filter>
    </ClCompile>
    <ClCompile Include="player_creation.cpp">
      <Filter>Source Files</Filter>
    </ClCompile>
    <ClCompile Include="player_output.cpp">
      <Filter>Source Files</Filter>
    </ClCompile>
    <ClCompile Include="quiz.cpp">
      <Filter>Source Files</Filter>
    </ClCompile>
    <ClCompile Include="shop.cpp">
      <Filter>Source Files</Filter>
    </ClCompile>
    <ClCompile Include="play_quiz.cpp">
      <Filter>Source Files</Filter>
    </ClCompile>
    <ClCompile Include="achievment.cpp">
      <Filter>Source Files</Filter>
    </ClCompile>
  </ItemGroup>
  <ItemGroup>
    <ClInclude Include="funkcijos.h">
      <Filter>Header Files</Filter>
    </ClInclude>
    <ClInclude Include="player.h">
      <Filter>Header Files</Filter>
    </ClInclude>
    <ClInclude Include="quiz.h">
      <Filter>Header Files</Filter>
    </ClInclude>
    <ClInclude Include="achievment.h">
      <Filter>Header Files</Filter>
    </ClInclude>
  </ItemGroup>
  <ItemGroup>
    <Text Include="History_quiz.txt">
      <Filter>Source Files\.txt</Filter>
    </Text>
    <Text Include="Aboutgame.txt">
      <Filter>Source Files\.txt</Filter>
    </Text>
    <Text Include="General_Quiz.txt">
      <Filter>Source Files\.txt</Filter>
    </Text>
    <Text Include="Geography_quiz.txt">
      <Filter>Source Files\.txt</Filter>
    </Text>
    <Text Include="Biology_quiz.txt">
      <Filter>Source Files\.txt</Filter>
    </Text>
    <Text Include="Lithuanian_quiz.txt">
      <Filter>Source Files\.txt</Filter>
    </Text>
    <Text Include="Achievments.txt">
      <Filter>Source Files\.txt</Filter>
    </Text>
  </ItemGroup>
</Project>